{
  "nodes": {
    "nixpkgs": {
      "locked": {
        "lastModified": 1786933413,
        "narHash": "sha256-kIVH8uflRODlyU0abn2wBx1M+H63qy5tSXdV2tTQLdQ=",
        "owner": "nixos",
        "repo": "nixpkgs",
        "rev": "18fb4828e1f85a2c994608252217a8796e659a02",
        "type": "github"
      },
      "original": {
        "owner": "nixos",
        "repo": "nixpkgs",
        "type": "github"
      }
    },
    "root": {
      "inputs": {
        "nixpkgs": "nixpkgs"
      }
    }
  },
  "root": "root",
  "version": 7
}
