{
  "nodes": {
    "nixpkgs": {
      "locked": {
        "lastModified": 1787748612,
        "narHash": "sha256-j2eRpjWK9ZeygVeJlKyidLcY7GmSZOO+m6BOgebsAHo=",
        "owner": "nixos",
        "repo": "nixpkgs",
        "rev": "ada229c0ad49c481593fa9579fbcb1c0ad9c82b1",
        "type": "github"
      },
      "original": {
        "owner": "nixos",
        "repo": "nixpkgs",
        "type": "github"
      }
    },
    "root": {
      "inputs": {
        "nixpkgs": "nixpkgs"
      }
    }
  },
  "root": "root",
  "version": 7
}
