{
  "nodes": {
    "nixpkgs": {
      "locked": {
        "lastModified": 1790289909,
        "narHash": "sha256-IBqZEXtLDj/jmOpOyvInn9uNGoTsMnZGIh6BUx1hFCI=",
        "owner": "nixos",
        "repo": "nixpkgs",
        "rev": "f64685689cc8fad8a4a85a475baf3eb1cf9d5833",
        "type": "github"
      },
      "original": {
        "owner": "nixos",
        "repo": "nixpkgs",
        "type": "github"
      }
    },
    "root": {
      "inputs": {
        "nixpkgs": "nixpkgs"
      }
    }
  },
  "root": "root",
  "version": 7
}
